
Microsoft Visual Studio Solution File, Format Version 12.00
# Visual Studio Version 16
VisualStudioVersion = 16.0.29411.108
MinimumVisualStudioVersion = 10.0.40219.1
Project("{FAE04EC0-301F-11D3-BF4B-00C04F79EFBC}") = "EyeQuiz.Managment", "EyeQuiz.Managment\EyeQuiz.Managment.csproj", "{C35BF506-4EEF-45E7-A744-DFC6142AD3CB}"
EndProject
Global
	GlobalSection(SolutionConfigurationPlatforms) = preSolution
		Debug|Any CPU = Debug|Any CPU
		Release|Any CPU = Release|Any CPU
	EndGlobalSection
	GlobalSection(ProjectConfigurationPlatforms) = postSolution
		{C35BF506-4EEF-45E7-A744-DFC6142AD3CB}.Debug|Any CPU.ActiveCfg = Debug|Any CPU
		{C35BF506-4EEF-45E7-A744-DFC6142AD3CB}.Debug|Any CPU.Build.0 = Debug|Any CPU
		{C35BF506-4EEF-45E7-A744-DFC6142AD3CB}.Release|Any CPU.ActiveCfg = Release|Any CPU
		{C35BF506-4EEF-45E7-A744-DFC6142AD3CB}.Release|Any CPU.Build.0 = Release|Any CPU
	EndGlobalSection
	GlobalSection(SolutionProperties) = preSolution
		HideSolutionNode = FALSE
	EndGlobalSection
	GlobalSection(ExtensibilityGlobals) = postSolution
		SolutionGuid = {23AD3175-2886-43FC-B258-C8BA07CF050F}
	EndGlobalSection
EndGlobal
